{
  "name": "picosystem",
  "version": "1.0.0",
  "lockfileVersion": 1,
  "requires": true,
  "dependencies": {
    "buzzer-music": {
      "version": "git+https://github.com/niklauslee/buzzer-music.git#ced4151b70b52a53472a9164aa87563138075724",
      "from": "git+https://github.com/niklauslee/buzzer-music.git"
    },
    "simple-fonts": {
      "version": "git+https://github.com/niklauslee/simple-fonts.git#3468836d918214eeadfe783e13c084a339a05fd3",
      "from": "git+https://github.com/niklauslee/simple-fonts.git"
    },
    "st7789": {
      "version": "git+https://github.com/niklauslee/st7789.git#862a927345c4c957e44dbe009237d8905a254a4f",
      "from": "git+https://github.com/niklauslee/st7789.git",
      "requires": {
        "simple-fonts": "git+https://github.com/niklauslee/simple-fonts.git"
      }
    }
  }
}
